
Microsoft Visual Studio Solution File, Format Version 12.00
# Visual Studio Version 16
VisualStudioVersion = 16.0.31624.102
MinimumVisualStudioVersion = 10.0.40219.1
Project("{9A19103F-16F7-4668-BE54-9A1E7A4F7556}") = "MagicStorageExtra-master", "MagicStorageExtra-master.csproj", "{79BDF56D-B890-47C4-9D65-CBC1370AA4DE}"
EndProject
Global
	GlobalSection(SolutionConfigurationPlatforms) = preSolution
		Debug|Any CPU = Debug|Any CPU
		Release|Any CPU = Release|Any CPU
	EndGlobalSection
	GlobalSection(ProjectConfigurationPlatforms) = postSolution
		{79BDF56D-B890-47C4-9D65-CBC1370AA4DE}.Debug|Any CPU.ActiveCfg = Debug|Any CPU
		{79BDF56D-B890-47C4-9D65-CBC1370AA4DE}.Debug|Any CPU.Build.0 = Debug|Any CPU
		{79BDF56D-B890-47C4-9D65-CBC1370AA4DE}.Release|Any CPU.ActiveCfg = Release|Any CPU
		{79BDF56D-B890-47C4-9D65-CBC1370AA4DE}.Release|Any CPU.Build.0 = Release|Any CPU
	EndGlobalSection
	GlobalSection(SolutionProperties) = preSolution
		HideSolutionNode = FALSE
	EndGlobalSection
	GlobalSection(ExtensibilityGlobals) = postSolution
		SolutionGuid = {7B4A3605-E735-41CD-B1F5-18CE66B42570}
	EndGlobalSection
EndGlobal
