
Microsoft Visual Studio Solution File, Format Version 12.00
# Visual Studio 15
VisualStudioVersion = 15.0.28307.438
MinimumVisualStudioVersion = 10.0.40219.1
Project("{9A19103F-16F7-4668-BE54-9A1E7A4F7556}") = "UpgradeEquipment", "UpgradeEquipment.csproj", "{13EE7769-DE27-487B-9BF5-1A7BB6DEC52F}"
EndProject
Global
	GlobalSection(SolutionConfigurationPlatforms) = preSolution
		Debug|Any CPU = Debug|Any CPU
		Release|Any CPU = Release|Any CPU
	EndGlobalSection
	GlobalSection(ProjectConfigurationPlatforms) = postSolution
		{13EE7769-DE27-487B-9BF5-1A7BB6DEC52F}.Debug|Any CPU.ActiveCfg = Debug|Any CPU
		{13EE7769-DE27-487B-9BF5-1A7BB6DEC52F}.Debug|Any CPU.Build.0 = Debug|Any CPU
		{13EE7769-DE27-487B-9BF5-1A7BB6DEC52F}.Release|Any CPU.ActiveCfg = Release|Any CPU
		{13EE7769-DE27-487B-9BF5-1A7BB6DEC52F}.Release|Any CPU.Build.0 = Release|Any CPU
	EndGlobalSection
	GlobalSection(SolutionProperties) = preSolution
		HideSolutionNode = FALSE
	EndGlobalSection
	GlobalSection(ExtensibilityGlobals) = postSolution
		SolutionGuid = {B0DA1ED7-2AD2-43D9-B14F-3575C94B4809}
	EndGlobalSection
EndGlobal
